
Microsoft Visual Studio Solution File, Format Version 12.00
# Visual Studio 2013
VisualStudioVersion = 12.0.31101.0
MinimumVisualStudioVersion = 10.0.40219.1
Project("{2150E333-8FDC-42A3-9474-1A3956D46DE8}") = "Bai4_25Sep", "Bai4_25Sep", "{79914609-8880-43F5-A22A-806608799D9D}"
EndProject
Project("{FAE04EC0-301F-11D3-BF4B-00C04F79EFBC}") = "BuiQuangTrung_25Sep", "BuiQuangTrung\BuiQuangTrung_25Sep.csproj", "{04DF7D8D-CFD8-4B35-B6D5-0DE0FE7B3DA7}"
EndProject
Project("{FAE04EC0-301F-11D3-BF4B-00C04F79EFBC}") = "NguyenHuuTien", "NguyenHuuTien\NguyenHuuTien.csproj", "{170B3D66-FF56-4FFF-A408-FE5DAAEF6D5B}"
EndProject
Project("{2150E333-8FDC-42A3-9474-1A3956D46DE8}") = "TrinhDucThinh_25Sep", "TrinhDucThinh_25Sep", "{CAFA8EAE-8B02-4B95-BEBC-3FD4D35DC9EE}"
EndProject
Project("{FAE04EC0-301F-11D3-BF4B-00C04F79EFBC}") = "BangCuuChuong_Thinh", "BangCuuChuong\BangCuuChuong_Thinh.csproj", "{AFC41D73-2229-4778-B972-3CC18DA641BD}"
EndProject
Project("{FAE04EC0-301F-11D3-BF4B-00C04F79EFBC}") = "DaoNguocChuoi_Thinh", "StringReverse\DaoNguocChuoi_Thinh.csproj", "{86B1BB01-2AB3-480A-ACD8-F54B4433BF72}"
EndProject
Project("{FAE04EC0-301F-11D3-BF4B-00C04F79EFBC}") = "TinhTong_Thinh", "SumFromStartToEnd\TinhTong_Thinh.csproj", "{D53F1ABE-007A-4A05-A5E8-CA7C87F3DC22}"
EndProject
Project("{FAE04EC0-301F-11D3-BF4B-00C04F79EFBC}") = "TinhTongLe_Thinh", "SumOddFromStartToEnd\TinhTongLe_Thinh.csproj", "{053CC8A2-1299-42F9-862A-0100DEFB2C68}"
EndProject
Project("{FAE04EC0-301F-11D3-BF4B-00C04F79EFBC}") = "KiemTraSoNguyenTo_Thinh", "KiemTraSoNguyenTo\KiemTraSoNguyenTo_Thinh.csproj", "{01D54CDB-576D-4138-B3B7-D813AEA70FD1}"
EndProject
Project("{FAE04EC0-301F-11D3-BF4B-00C04F79EFBC}") = "InDayCacSoNguyenTo_Thinh", "InDayCacSoNguyenTo\InDayCacSoNguyenTo_Thinh.csproj", "{FAFDCFBA-0DE3-4DBC-A352-FE2D14064D8F}"
EndProject
Global
	GlobalSection(SolutionConfigurationPlatforms) = preSolution
		Debug|Any CPU = Debug|Any CPU
		Release|Any CPU = Release|Any CPU
	EndGlobalSection
	GlobalSection(ProjectConfigurationPlatforms) = postSolution
		{04DF7D8D-CFD8-4B35-B6D5-0DE0FE7B3DA7}.Debug|Any CPU.ActiveCfg = Debug|Any CPU
		{04DF7D8D-CFD8-4B35-B6D5-0DE0FE7B3DA7}.Debug|Any CPU.Build.0 = Debug|Any CPU
		{04DF7D8D-CFD8-4B35-B6D5-0DE0FE7B3DA7}.Release|Any CPU.ActiveCfg = Release|Any CPU
		{04DF7D8D-CFD8-4B35-B6D5-0DE0FE7B3DA7}.Release|Any CPU.Build.0 = Release|Any CPU
		{170B3D66-FF56-4FFF-A408-FE5DAAEF6D5B}.Debug|Any CPU.ActiveCfg = Debug|Any CPU
		{170B3D66-FF56-4FFF-A408-FE5DAAEF6D5B}.Debug|Any CPU.Build.0 = Debug|Any CPU
		{170B3D66-FF56-4FFF-A408-FE5DAAEF6D5B}.Release|Any CPU.ActiveCfg = Release|Any CPU
		{170B3D66-FF56-4FFF-A408-FE5DAAEF6D5B}.Release|Any CPU.Build.0 = Release|Any CPU
		{AFC41D73-2229-4778-B972-3CC18DA641BD}.Debug|Any CPU.ActiveCfg = Debug|Any CPU
		{AFC41D73-2229-4778-B972-3CC18DA641BD}.Debug|Any CPU.Build.0 = Debug|Any CPU
		{AFC41D73-2229-4778-B972-3CC18DA641BD}.Release|Any CPU.ActiveCfg = Release|Any CPU
		{AFC41D73-2229-4778-B972-3CC18DA641BD}.Release|Any CPU.Build.0 = Release|Any CPU
		{86B1BB01-2AB3-480A-ACD8-F54B4433BF72}.Debug|Any CPU.ActiveCfg = Debug|Any CPU
		{86B1BB01-2AB3-480A-ACD8-F54B4433BF72}.Debug|Any CPU.Build.0 = Debug|Any CPU
		{86B1BB01-2AB3-480A-ACD8-F54B4433BF72}.Release|Any CPU.ActiveCfg = Release|Any CPU
		{86B1BB01-2AB3-480A-ACD8-F54B4433BF72}.Release|Any CPU.Build.0 = Release|Any CPU
		{D53F1ABE-007A-4A05-A5E8-CA7C87F3DC22}.Debug|Any CPU.ActiveCfg = Debug|Any CPU
		{D53F1ABE-007A-4A05-A5E8-CA7C87F3DC22}.Debug|Any CPU.Build.0 = Debug|Any CPU
		{D53F1ABE-007A-4A05-A5E8-CA7C87F3DC22}.Release|Any CPU.ActiveCfg = Release|Any CPU
		{D53F1ABE-007A-4A05-A5E8-CA7C87F3DC22}.Release|Any CPU.Build.0 = Release|Any CPU
		{053CC8A2-1299-42F9-862A-0100DEFB2C68}.Debug|Any CPU.ActiveCfg = Debug|Any CPU
		{053CC8A2-1299-42F9-862A-0100DEFB2C68}.Debug|Any CPU.Build.0 = Debug|Any CPU
		{053CC8A2-1299-42F9-862A-0100DEFB2C68}.Release|Any CPU.ActiveCfg = Release|Any CPU
		{053CC8A2-1299-42F9-862A-0100DEFB2C68}.Release|Any CPU.Build.0 = Release|Any CPU
		{01D54CDB-576D-4138-B3B7-D813AEA70FD1}.Debug|Any CPU.ActiveCfg = Debug|Any CPU
		{01D54CDB-576D-4138-B3B7-D813AEA70FD1}.Debug|Any CPU.Build.0 = Debug|Any CPU
		{01D54CDB-576D-4138-B3B7-D813AEA70FD1}.Release|Any CPU.ActiveCfg = Release|Any CPU
		{01D54CDB-576D-4138-B3B7-D813AEA70FD1}.Release|Any CPU.Build.0 = Release|Any CPU
		{FAFDCFBA-0DE3-4DBC-A352-FE2D14064D8F}.Debug|Any CPU.ActiveCfg = Debug|Any CPU
		{FAFDCFBA-0DE3-4DBC-A352-FE2D14064D8F}.Debug|Any CPU.Build.0 = Debug|Any CPU
		{FAFDCFBA-0DE3-4DBC-A352-FE2D14064D8F}.Release|Any CPU.ActiveCfg = Release|Any CPU
		{FAFDCFBA-0DE3-4DBC-A352-FE2D14064D8F}.Release|Any CPU.Build.0 = Release|Any CPU
	EndGlobalSection
	GlobalSection(SolutionProperties) = preSolution
		HideSolutionNode = FALSE
	EndGlobalSection
	GlobalSection(NestedProjects) = preSolution
		{04DF7D8D-CFD8-4B35-B6D5-0DE0FE7B3DA7} = {79914609-8880-43F5-A22A-806608799D9D}
		{170B3D66-FF56-4FFF-A408-FE5DAAEF6D5B} = {79914609-8880-43F5-A22A-806608799D9D}
		{CAFA8EAE-8B02-4B95-BEBC-3FD4D35DC9EE} = {79914609-8880-43F5-A22A-806608799D9D}
		{AFC41D73-2229-4778-B972-3CC18DA641BD} = {CAFA8EAE-8B02-4B95-BEBC-3FD4D35DC9EE}
		{86B1BB01-2AB3-480A-ACD8-F54B4433BF72} = {CAFA8EAE-8B02-4B95-BEBC-3FD4D35DC9EE}
		{D53F1ABE-007A-4A05-A5E8-CA7C87F3DC22} = {CAFA8EAE-8B02-4B95-BEBC-3FD4D35DC9EE}
		{053CC8A2-1299-42F9-862A-0100DEFB2C68} = {CAFA8EAE-8B02-4B95-BEBC-3FD4D35DC9EE}
		{01D54CDB-576D-4138-B3B7-D813AEA70FD1} = {CAFA8EAE-8B02-4B95-BEBC-3FD4D35DC9EE}
		{FAFDCFBA-0DE3-4DBC-A352-FE2D14064D8F} = {CAFA8EAE-8B02-4B95-BEBC-3FD4D35DC9EE}
	EndGlobalSection
EndGlobal
