
Microsoft Visual Studio Solution File, Format Version 12.00
# Visual Studio 14
VisualStudioVersion = 14.0.25420.1
MinimumVisualStudioVersion = 10.0.40219.1
Project("{2150E333-8FDC-42A3-9474-1A3956D46DE8}") = "Day5", "Day5", "{1A9AF49D-E523-4415-B0BF-2A6FCBAB5943}"
EndProject
Project("{2150E333-8FDC-42A3-9474-1A3956D46DE8}") = "Thinh_28Sep", "Thinh_28Sep", "{611BAF5C-0FB8-4C78-B030-E3102D5DA6BE}"
EndProject
Project("{2150E333-8FDC-42A3-9474-1A3956D46DE8}") = "Duy_28Sep", "Duy_28Sep", "{9DD0AEBA-A73F-4474-8C98-D75F0FC663EF}"
EndProject
Project("{FAE04EC0-301F-11D3-BF4B-00C04F79EFBC}") = "Duy_Bai1_28Sep", "PtBac1\Duy_Bai1_28Sep.csproj", "{22DE4843-01AC-494C-AF9A-85A8F3CD8060}"
EndProject
Project("{2150E333-8FDC-42A3-9474-1A3956D46DE8}") = "Tien_28Sep", "Tien_28Sep", "{65E0B8E9-85BD-423C-A41B-4EF500CED57D}"
EndProject
Project("{FAE04EC0-301F-11D3-BF4B-00C04F79EFBC}") = "Tien_Bai1.1_Sep", "Tien_Bai1.1_Sep\Tien_Bai1.1_Sep.csproj", "{C99C638F-822F-4E4A-9DE8-163C9E16B20B}"
EndProject
Project("{FAE04EC0-301F-11D3-BF4B-00C04F79EFBC}") = "Tien_Bai1.2_Sep", "Tien_Bai1.2_Sep\Tien_Bai1.2_Sep.csproj", "{AE7D51B7-DE5D-434D-8E97-845AC2188E78}"
EndProject
Project("{FAE04EC0-301F-11D3-BF4B-00C04F79EFBC}") = "Tien_Bai2_Sep", "Tien_Bai2_Sep\Tien_Bai2_Sep.csproj", "{CBAD106E-7D62-4E49-949C-D47D59FF33BA}"
EndProject
Project("{FAE04EC0-301F-11D3-BF4B-00C04F79EFBC}") = "Thinh_GiaiPhuongTrinhBacNhat_28Sep", "Thinh_GiaiPhuongTrinhBacNhat_28Sep\Thinh_GiaiPhuongTrinhBacNhat_28Sep.csproj", "{72617A98-1097-45B5-9F1A-9AC84619AD1E}"
EndProject
Project("{FAE04EC0-301F-11D3-BF4B-00C04F79EFBC}") = "Thinh_TinhToanDaySo_28Sep", "Thinh_TinhToanDaySo_28Sep\Thinh_TinhToanDaySo_28Sep.csproj", "{76758824-AF48-4E05-A878-50959C03D885}"
EndProject
Project("{2150E333-8FDC-42A3-9474-1A3956D46DE8}") = "Day6", "Day6", "{6C344F14-5949-43C1-82D3-1677F4DBC8D6}"
EndProject
Project("{2150E333-8FDC-42A3-9474-1A3956D46DE8}") = "Duy_02Oct", "Duy_02Oct", "{B02CB958-6E14-4F28-AEE1-EF5D15B3C3B4}"
EndProject
Project("{2150E333-8FDC-42A3-9474-1A3956D46DE8}") = "Thinh_02Oct", "Thinh_02Oct", "{542890FA-AB5D-458F-9621-72A68EBDAD2C}"
EndProject
Project("{2150E333-8FDC-42A3-9474-1A3956D46DE8}") = "Tien_02Oct", "Tien_02Oct", "{7D768E74-710C-4997-80DF-4D98BD82821D}"
EndProject
Project("{2150E333-8FDC-42A3-9474-1A3956D46DE8}") = "Trung_02Oct", "Trung_02Oct", "{2F23F8C2-C27B-4E4B-BDEE-13D3C7D0CFCB}"
EndProject
Project("{FAE04EC0-301F-11D3-BF4B-00C04F79EFBC}") = "Trung_Bai1_02Oct", "Trung_Bai1_02Oct\Trung_Bai1_02Oct.csproj", "{EBA92CA7-1258-4E94-B47E-6C91358F2CB9}"
EndProject
Project("{FAE04EC0-301F-11D3-BF4B-00C04F79EFBC}") = "Trung_Mang_02Oct", "Trung_Mang_02Oct\Trung_Mang_02Oct.csproj", "{A4BCF43F-D4AB-4FE8-856C-558D61B30761}"
EndProject
Global
	GlobalSection(SolutionConfigurationPlatforms) = preSolution
		Debug|Any CPU = Debug|Any CPU
		Release|Any CPU = Release|Any CPU
	EndGlobalSection
	GlobalSection(ProjectConfigurationPlatforms) = postSolution
		{22DE4843-01AC-494C-AF9A-85A8F3CD8060}.Debug|Any CPU.ActiveCfg = Debug|Any CPU
		{22DE4843-01AC-494C-AF9A-85A8F3CD8060}.Debug|Any CPU.Build.0 = Debug|Any CPU
		{22DE4843-01AC-494C-AF9A-85A8F3CD8060}.Release|Any CPU.ActiveCfg = Release|Any CPU
		{22DE4843-01AC-494C-AF9A-85A8F3CD8060}.Release|Any CPU.Build.0 = Release|Any CPU
		{C99C638F-822F-4E4A-9DE8-163C9E16B20B}.Debug|Any CPU.ActiveCfg = Debug|Any CPU
		{C99C638F-822F-4E4A-9DE8-163C9E16B20B}.Debug|Any CPU.Build.0 = Debug|Any CPU
		{C99C638F-822F-4E4A-9DE8-163C9E16B20B}.Release|Any CPU.ActiveCfg = Release|Any CPU
		{C99C638F-822F-4E4A-9DE8-163C9E16B20B}.Release|Any CPU.Build.0 = Release|Any CPU
		{AE7D51B7-DE5D-434D-8E97-845AC2188E78}.Debug|Any CPU.ActiveCfg = Debug|Any CPU
		{AE7D51B7-DE5D-434D-8E97-845AC2188E78}.Debug|Any CPU.Build.0 = Debug|Any CPU
		{AE7D51B7-DE5D-434D-8E97-845AC2188E78}.Release|Any CPU.ActiveCfg = Release|Any CPU
		{AE7D51B7-DE5D-434D-8E97-845AC2188E78}.Release|Any CPU.Build.0 = Release|Any CPU
		{CBAD106E-7D62-4E49-949C-D47D59FF33BA}.Debug|Any CPU.ActiveCfg = Debug|Any CPU
		{CBAD106E-7D62-4E49-949C-D47D59FF33BA}.Debug|Any CPU.Build.0 = Debug|Any CPU
		{CBAD106E-7D62-4E49-949C-D47D59FF33BA}.Release|Any CPU.ActiveCfg = Release|Any CPU
		{CBAD106E-7D62-4E49-949C-D47D59FF33BA}.Release|Any CPU.Build.0 = Release|Any CPU
		{72617A98-1097-45B5-9F1A-9AC84619AD1E}.Debug|Any CPU.ActiveCfg = Debug|Any CPU
		{72617A98-1097-45B5-9F1A-9AC84619AD1E}.Debug|Any CPU.Build.0 = Debug|Any CPU
		{72617A98-1097-45B5-9F1A-9AC84619AD1E}.Release|Any CPU.ActiveCfg = Release|Any CPU
		{72617A98-1097-45B5-9F1A-9AC84619AD1E}.Release|Any CPU.Build.0 = Release|Any CPU
		{76758824-AF48-4E05-A878-50959C03D885}.Debug|Any CPU.ActiveCfg = Debug|Any CPU
		{76758824-AF48-4E05-A878-50959C03D885}.Debug|Any CPU.Build.0 = Debug|Any CPU
		{76758824-AF48-4E05-A878-50959C03D885}.Release|Any CPU.ActiveCfg = Release|Any CPU
		{76758824-AF48-4E05-A878-50959C03D885}.Release|Any CPU.Build.0 = Release|Any CPU
		{EBA92CA7-1258-4E94-B47E-6C91358F2CB9}.Debug|Any CPU.ActiveCfg = Debug|Any CPU
		{EBA92CA7-1258-4E94-B47E-6C91358F2CB9}.Debug|Any CPU.Build.0 = Debug|Any CPU
		{EBA92CA7-1258-4E94-B47E-6C91358F2CB9}.Release|Any CPU.ActiveCfg = Release|Any CPU
		{EBA92CA7-1258-4E94-B47E-6C91358F2CB9}.Release|Any CPU.Build.0 = Release|Any CPU
		{A4BCF43F-D4AB-4FE8-856C-558D61B30761}.Debug|Any CPU.ActiveCfg = Debug|Any CPU
		{A4BCF43F-D4AB-4FE8-856C-558D61B30761}.Debug|Any CPU.Build.0 = Debug|Any CPU
		{A4BCF43F-D4AB-4FE8-856C-558D61B30761}.Release|Any CPU.ActiveCfg = Release|Any CPU
		{A4BCF43F-D4AB-4FE8-856C-558D61B30761}.Release|Any CPU.Build.0 = Release|Any CPU
	EndGlobalSection
	GlobalSection(SolutionProperties) = preSolution
		HideSolutionNode = FALSE
	EndGlobalSection
	GlobalSection(NestedProjects) = preSolution
		{611BAF5C-0FB8-4C78-B030-E3102D5DA6BE} = {1A9AF49D-E523-4415-B0BF-2A6FCBAB5943}
		{9DD0AEBA-A73F-4474-8C98-D75F0FC663EF} = {1A9AF49D-E523-4415-B0BF-2A6FCBAB5943}
		{22DE4843-01AC-494C-AF9A-85A8F3CD8060} = {9DD0AEBA-A73F-4474-8C98-D75F0FC663EF}
		{65E0B8E9-85BD-423C-A41B-4EF500CED57D} = {1A9AF49D-E523-4415-B0BF-2A6FCBAB5943}
		{C99C638F-822F-4E4A-9DE8-163C9E16B20B} = {65E0B8E9-85BD-423C-A41B-4EF500CED57D}
		{AE7D51B7-DE5D-434D-8E97-845AC2188E78} = {65E0B8E9-85BD-423C-A41B-4EF500CED57D}
		{CBAD106E-7D62-4E49-949C-D47D59FF33BA} = {65E0B8E9-85BD-423C-A41B-4EF500CED57D}
		{72617A98-1097-45B5-9F1A-9AC84619AD1E} = {611BAF5C-0FB8-4C78-B030-E3102D5DA6BE}
		{76758824-AF48-4E05-A878-50959C03D885} = {611BAF5C-0FB8-4C78-B030-E3102D5DA6BE}
		{B02CB958-6E14-4F28-AEE1-EF5D15B3C3B4} = {6C344F14-5949-43C1-82D3-1677F4DBC8D6}
		{542890FA-AB5D-458F-9621-72A68EBDAD2C} = {6C344F14-5949-43C1-82D3-1677F4DBC8D6}
		{7D768E74-710C-4997-80DF-4D98BD82821D} = {6C344F14-5949-43C1-82D3-1677F4DBC8D6}
		{2F23F8C2-C27B-4E4B-BDEE-13D3C7D0CFCB} = {6C344F14-5949-43C1-82D3-1677F4DBC8D6}
		{EBA92CA7-1258-4E94-B47E-6C91358F2CB9} = {2F23F8C2-C27B-4E4B-BDEE-13D3C7D0CFCB}
		{A4BCF43F-D4AB-4FE8-856C-558D61B30761} = {2F23F8C2-C27B-4E4B-BDEE-13D3C7D0CFCB}
	EndGlobalSection
EndGlobal
